
Microsoft Visual Studio Solution File, Format Version 12.00
# Visual Studio Version 16
VisualStudioVersion = 16.0.31025.194
MinimumVisualStudioVersion = 10.0.40219.1
Project("{FAE04EC0-301F-11D3-BF4B-00C04F79EFBC}") = "InventoryWebApp", "InventoryWebApp\InventoryWebApp.csproj", "{8E91AA9D-F888-4386-B624-4D02BB574413}"
EndProject
Project("{FAE04EC0-301F-11D3-BF4B-00C04F79EFBC}") = "SSO", "SSO\SSO.csproj", "{05CC4F1F-831E-45C4-9823-A5B11D4AFF20}"
EndProject
Global
	GlobalSection(SolutionConfigurationPlatforms) = preSolution
		Debug|Any CPU = Debug|Any CPU
		Release|Any CPU = Release|Any CPU
	EndGlobalSection
	GlobalSection(ProjectConfigurationPlatforms) = postSolution
		{8E91AA9D-F888-4386-B624-4D02BB574413}.Debug|Any CPU.ActiveCfg = Debug|Any CPU
		{8E91AA9D-F888-4386-B624-4D02BB574413}.Debug|Any CPU.Build.0 = Debug|Any CPU
		{8E91AA9D-F888-4386-B624-4D02BB574413}.Release|Any CPU.ActiveCfg = Release|Any CPU
		{8E91AA9D-F888-4386-B624-4D02BB574413}.Release|Any CPU.Build.0 = Release|Any CPU
		{05CC4F1F-831E-45C4-9823-A5B11D4AFF20}.Debug|Any CPU.ActiveCfg = Debug|Any CPU
		{05CC4F1F-831E-45C4-9823-A5B11D4AFF20}.Debug|Any CPU.Build.0 = Debug|Any CPU
		{05CC4F1F-831E-45C4-9823-A5B11D4AFF20}.Release|Any CPU.ActiveCfg = Release|Any CPU
		{05CC4F1F-831E-45C4-9823-A5B11D4AFF20}.Release|Any CPU.Build.0 = Release|Any CPU
	EndGlobalSection
	GlobalSection(SolutionProperties) = preSolution
		HideSolutionNode = FALSE
	EndGlobalSection
	GlobalSection(ExtensibilityGlobals) = postSolution
		SolutionGuid = {1E05BDE1-F7DF-4CC0-93CF-035CE3845495}
	EndGlobalSection
EndGlobal
